
Microsoft Visual Studio Solution File, Format Version 12.00
# Visual Studio Version 16
VisualStudioVersion = 16.0.28803.156
MinimumVisualStudioVersion = 10.0.40219.1
Project("{9A19103F-16F7-4668-BE54-9A1E7A4F7556}") = "Problem0005", "Problem0005\Problem0005.csproj", "{56DD583C-0BE9-4AFE-96EF-89FF0C17A8AC}"
EndProject
Project("{9A19103F-16F7-4668-BE54-9A1E7A4F7556}") = "Problem0006", "Problem0006\Problem0006.csproj", "{71342091-12E8-4445-AE73-B54FE07A12A6}"
EndProject
Project("{9A19103F-16F7-4668-BE54-9A1E7A4F7556}") = "Problem0007", "Problem0007\Problem0007.csproj", "{33B9FFBA-81BE-438F-BD3A-09470D1133A8}"
EndProject
Project("{9A19103F-16F7-4668-BE54-9A1E7A4F7556}") = "Problem0008", "Problem0008\Problem0008.csproj", "{4ADBAEA8-D90B-428C-9E64-6A1AD66FDDAC}"
EndProject
Project("{9A19103F-16F7-4668-BE54-9A1E7A4F7556}") = "Problem0009", "Problem0009\Problem0009.csproj", "{72CF1424-9099-46E6-A50B-67011D6CAB59}"
EndProject
Project("{9A19103F-16F7-4668-BE54-9A1E7A4F7556}") = "Problem0010", "Problem0010\Problem0010.csproj", "{B3364B9C-26D2-47C1-8CD7-24477E06C3CF}"
EndProject
Project("{9A19103F-16F7-4668-BE54-9A1E7A4F7556}") = "Problem0011", "Problem0011\Problem0011.csproj", "{A9C8F366-99E3-4C27-9677-0249EF94E11A}"
EndProject
Project("{9A19103F-16F7-4668-BE54-9A1E7A4F7556}") = "Problem0012", "Problem0012\Problem0012.csproj", "{8102F362-709E-44E7-9978-0FAA11EF31FD}"
EndProject
Project("{9A19103F-16F7-4668-BE54-9A1E7A4F7556}") = "Problem0014", "Problem0014\Problem0014.csproj", "{217BFBC9-3958-4FD8-BE62-9F055B54B5C3}"
EndProject
Project("{9A19103F-16F7-4668-BE54-9A1E7A4F7556}") = "Problem0013", "Problem0013\Problem0013.csproj", "{74FF310C-BA38-446B-BCE5-EEAF773E69D6}"
EndProject
Project("{9A19103F-16F7-4668-BE54-9A1E7A4F7556}") = "Problem0015", "Problem0015\Problem0015.csproj", "{D21BCB17-B99E-4490-80CD-2C30FEC88037}"
EndProject
Project("{9A19103F-16F7-4668-BE54-9A1E7A4F7556}") = "Problem0016", "Problem0016\Problem0016.csproj", "{78E52C8D-01C9-4A6E-AF51-989C7410FC00}"
EndProject
Project("{9A19103F-16F7-4668-BE54-9A1E7A4F7556}") = "problem0001", "problem0001\problem0001.csproj", "{879527BC-03D5-4D5F-8A9C-F1A2218A16C9}"
EndProject
Project("{9A19103F-16F7-4668-BE54-9A1E7A4F7556}") = "Problem0002", "Problem0002\Problem0002.csproj", "{0945BE10-183D-426E-87DF-85D76A1F53E5}"
EndProject
Project("{9A19103F-16F7-4668-BE54-9A1E7A4F7556}") = "Problem0003", "Problem0003\Problem0003.csproj", "{AC30152A-4AC8-4DFB-AE8F-324CD5714F58}"
EndProject
Project("{9A19103F-16F7-4668-BE54-9A1E7A4F7556}") = "Problem0004", "Problem0004\Problem0004.csproj", "{79823F48-E938-4AAA-A03F-C0799FD5D473}"
EndProject
Project("{9A19103F-16F7-4668-BE54-9A1E7A4F7556}") = "Problem0017", "Problem0017\Problem0017.csproj", "{D156E0D2-EC41-46F6-81E8-F97A5A5A2EC6}"
EndProject
Project("{9A19103F-16F7-4668-BE54-9A1E7A4F7556}") = "Problem0018", "Problem0018\Problem0018.csproj", "{63C1B840-4C3C-4538-B3D7-A009E4266D60}"
EndProject
Project("{9A19103F-16F7-4668-BE54-9A1E7A4F7556}") = "Problem0019", "Problem0019\Problem0019.csproj", "{C39B3D76-825C-43C0-8D86-E7AC8CFF291D}"
EndProject
Project("{9A19103F-16F7-4668-BE54-9A1E7A4F7556}") = "Problem0020", "Problem0020\Problem0020.csproj", "{FA52DBDF-FE75-4540-855D-F6DF4741111F}"
EndProject
Project("{9A19103F-16F7-4668-BE54-9A1E7A4F7556}") = "Problem0021", "Problem0021\Problem0021.csproj", "{01F8D1A1-8D85-468F-A17A-4375C28E8664}"
EndProject
Project("{9A19103F-16F7-4668-BE54-9A1E7A4F7556}") = "Problem0022", "Problem0022\Problem0022.csproj", "{592333A4-466E-4DCD-9C10-3E7C78628203}"
EndProject
Project("{9A19103F-16F7-4668-BE54-9A1E7A4F7556}") = "Problem0023", "Problem0023\Problem0023.csproj", "{D83A3997-468D-49AB-873E-22F5AE96F7D0}"
EndProject
Project("{9A19103F-16F7-4668-BE54-9A1E7A4F7556}") = "Problem0024", "Problem0024\Problem0024.csproj", "{D2DF1200-50D4-453B-B877-B845B97D3F75}"
EndProject
Project("{9A19103F-16F7-4668-BE54-9A1E7A4F7556}") = "Problem0025", "Problem0025\Problem0025.csproj", "{8E42A093-876D-4836-9665-F81501D1F70F}"
EndProject
Project("{9A19103F-16F7-4668-BE54-9A1E7A4F7556}") = "Problem0026", "Problem0026\Problem0026.csproj", "{C3A83883-8463-4059-90CA-DAB5061213D2}"
EndProject
Project("{FAE04EC0-301F-11D3-BF4B-00C04F79EFBC}") = "Problem0027", "Problem0027\Problem0027.csproj", "{C8E179C1-4924-4275-A479-C2BA55F102D3}"
EndProject
Global
	GlobalSection(SolutionConfigurationPlatforms) = preSolution
		Debug|Any CPU = Debug|Any CPU
		Release|Any CPU = Release|Any CPU
	EndGlobalSection
	GlobalSection(ProjectConfigurationPlatforms) = postSolution
		{56DD583C-0BE9-4AFE-96EF-89FF0C17A8AC}.Debug|Any CPU.ActiveCfg = Debug|Any CPU
		{56DD583C-0BE9-4AFE-96EF-89FF0C17A8AC}.Debug|Any CPU.Build.0 = Debug|Any CPU
		{56DD583C-0BE9-4AFE-96EF-89FF0C17A8AC}.Release|Any CPU.ActiveCfg = Release|Any CPU
		{56DD583C-0BE9-4AFE-96EF-89FF0C17A8AC}.Release|Any CPU.Build.0 = Release|Any CPU
		{71342091-12E8-4445-AE73-B54FE07A12A6}.Debug|Any CPU.ActiveCfg = Debug|Any CPU
		{71342091-12E8-4445-AE73-B54FE07A12A6}.Debug|Any CPU.Build.0 = Debug|Any CPU
		{71342091-12E8-4445-AE73-B54FE07A12A6}.Release|Any CPU.ActiveCfg = Release|Any CPU
		{71342091-12E8-4445-AE73-B54FE07A12A6}.Release|Any CPU.Build.0 = Release|Any CPU
		{33B9FFBA-81BE-438F-BD3A-09470D1133A8}.Debug|Any CPU.ActiveCfg = Debug|Any CPU
		{33B9FFBA-81BE-438F-BD3A-09470D1133A8}.Debug|Any CPU.Build.0 = Debug|Any CPU
		{33B9FFBA-81BE-438F-BD3A-09470D1133A8}.Release|Any CPU.ActiveCfg = Release|Any CPU
		{33B9FFBA-81BE-438F-BD3A-09470D1133A8}.Release|Any CPU.Build.0 = Release|Any CPU
		{4ADBAEA8-D90B-428C-9E64-6A1AD66FDDAC}.Debug|Any CPU.ActiveCfg = Debug|Any CPU
		{4ADBAEA8-D90B-428C-9E64-6A1AD66FDDAC}.Debug|Any CPU.Build.0 = Debug|Any CPU
		{4ADBAEA8-D90B-428C-9E64-6A1AD66FDDAC}.Release|Any CPU.ActiveCfg = Release|Any CPU
		{4ADBAEA8-D90B-428C-9E64-6A1AD66FDDAC}.Release|Any CPU.Build.0 = Release|Any CPU
		{72CF1424-9099-46E6-A50B-67011D6CAB59}.Debug|Any CPU.ActiveCfg = Debug|Any CPU
		{72CF1424-9099-46E6-A50B-67011D6CAB59}.Debug|Any CPU.Build.0 = Debug|Any CPU
		{72CF1424-9099-46E6-A50B-67011D6CAB59}.Release|Any CPU.ActiveCfg = Release|Any CPU
		{72CF1424-9099-46E6-A50B-67011D6CAB59}.Release|Any CPU.Build.0 = Release|Any CPU
		{B3364B9C-26D2-47C1-8CD7-24477E06C3CF}.Debug|Any CPU.ActiveCfg = Debug|Any CPU
		{B3364B9C-26D2-47C1-8CD7-24477E06C3CF}.Debug|Any CPU.Build.0 = Debug|Any CPU
		{B3364B9C-26D2-47C1-8CD7-24477E06C3CF}.Release|Any CPU.ActiveCfg = Release|Any CPU
		{B3364B9C-26D2-47C1-8CD7-24477E06C3CF}.Release|Any CPU.Build.0 = Release|Any CPU
		{A9C8F366-99E3-4C27-9677-0249EF94E11A}.Debug|Any CPU.ActiveCfg = Debug|Any CPU
		{A9C8F366-99E3-4C27-9677-0249EF94E11A}.Debug|Any CPU.Build.0 = Debug|Any CPU
		{A9C8F366-99E3-4C27-9677-0249EF94E11A}.Release|Any CPU.ActiveCfg = Release|Any CPU
		{A9C8F366-99E3-4C27-9677-0249EF94E11A}.Release|Any CPU.Build.0 = Release|Any CPU
		{8102F362-709E-44E7-9978-0FAA11EF31FD}.Debug|Any CPU.ActiveCfg = Debug|Any CPU
		{8102F362-709E-44E7-9978-0FAA11EF31FD}.Debug|Any CPU.Build.0 = Debug|Any CPU
		{8102F362-709E-44E7-9978-0FAA11EF31FD}.Release|Any CPU.ActiveCfg = Release|Any CPU
		{8102F362-709E-44E7-9978-0FAA11EF31FD}.Release|Any CPU.Build.0 = Release|Any CPU
		{217BFBC9-3958-4FD8-BE62-9F055B54B5C3}.Debug|Any CPU.ActiveCfg = Debug|Any CPU
		{217BFBC9-3958-4FD8-BE62-9F055B54B5C3}.Debug|Any CPU.Build.0 = Debug|Any CPU
		{217BFBC9-3958-4FD8-BE62-9F055B54B5C3}.Release|Any CPU.ActiveCfg = Release|Any CPU
		{217BFBC9-3958-4FD8-BE62-9F055B54B5C3}.Release|Any CPU.Build.0 = Release|Any CPU
		{74FF310C-BA38-446B-BCE5-EEAF773E69D6}.Debug|Any CPU.ActiveCfg = Debug|Any CPU
		{74FF310C-BA38-446B-BCE5-EEAF773E69D6}.Debug|Any CPU.Build.0 = Debug|Any CPU
		{74FF310C-BA38-446B-BCE5-EEAF773E69D6}.Release|Any CPU.ActiveCfg = Release|Any CPU
		{74FF310C-BA38-446B-BCE5-EEAF773E69D6}.Release|Any CPU.Build.0 = Release|Any CPU
		{D21BCB17-B99E-4490-80CD-2C30FEC88037}.Debug|Any CPU.ActiveCfg = Debug|Any CPU
		{D21BCB17-B99E-4490-80CD-2C30FEC88037}.Debug|Any CPU.Build.0 = Debug|Any CPU
		{D21BCB17-B99E-4490-80CD-2C30FEC88037}.Release|Any CPU.ActiveCfg = Release|Any CPU
		{D21BCB17-B99E-4490-80CD-2C30FEC88037}.Release|Any CPU.Build.0 = Release|Any CPU
		{78E52C8D-01C9-4A6E-AF51-989C7410FC00}.Debug|Any CPU.ActiveCfg = Debug|Any CPU
		{78E52C8D-01C9-4A6E-AF51-989C7410FC00}.Debug|Any CPU.Build.0 = Debug|Any CPU
		{78E52C8D-01C9-4A6E-AF51-989C7410FC00}.Release|Any CPU.ActiveCfg = Release|Any CPU
		{78E52C8D-01C9-4A6E-AF51-989C7410FC00}.Release|Any CPU.Build.0 = Release|Any CPU
		{879527BC-03D5-4D5F-8A9C-F1A2218A16C9}.Debug|Any CPU.ActiveCfg = Debug|Any CPU
		{879527BC-03D5-4D5F-8A9C-F1A2218A16C9}.Debug|Any CPU.Build.0 = Debug|Any CPU
		{879527BC-03D5-4D5F-8A9C-F1A2218A16C9}.Release|Any CPU.ActiveCfg = Release|Any CPU
		{879527BC-03D5-4D5F-8A9C-F1A2218A16C9}.Release|Any CPU.Build.0 = Release|Any CPU
		{0945BE10-183D-426E-87DF-85D76A1F53E5}.Debug|Any CPU.ActiveCfg = Debug|Any CPU
		{0945BE10-183D-426E-87DF-85D76A1F53E5}.Debug|Any CPU.Build.0 = Debug|Any CPU
		{0945BE10-183D-426E-87DF-85D76A1F53E5}.Release|Any CPU.ActiveCfg = Release|Any CPU
		{0945BE10-183D-426E-87DF-85D76A1F53E5}.Release|Any CPU.Build.0 = Release|Any CPU
		{AC30152A-4AC8-4DFB-AE8F-324CD5714F58}.Debug|Any CPU.ActiveCfg = Debug|Any CPU
		{AC30152A-4AC8-4DFB-AE8F-324CD5714F58}.Debug|Any CPU.Build.0 = Debug|Any CPU
		{AC30152A-4AC8-4DFB-AE8F-324CD5714F58}.Release|Any CPU.ActiveCfg = Release|Any CPU
		{AC30152A-4AC8-4DFB-AE8F-324CD5714F58}.Release|Any CPU.Build.0 = Release|Any CPU
		{79823F48-E938-4AAA-A03F-C0799FD5D473}.Debug|Any CPU.ActiveCfg = Debug|Any CPU
		{79823F48-E938-4AAA-A03F-C0799FD5D473}.Debug|Any CPU.Build.0 = Debug|Any CPU
		{79823F48-E938-4AAA-A03F-C0799FD5D473}.Release|Any CPU.ActiveCfg = Release|Any CPU
		{79823F48-E938-4AAA-A03F-C0799FD5D473}.Release|Any CPU.Build.0 = Release|Any CPU
		{D156E0D2-EC41-46F6-81E8-F97A5A5A2EC6}.Debug|Any CPU.ActiveCfg = Debug|Any CPU
		{D156E0D2-EC41-46F6-81E8-F97A5A5A2EC6}.Debug|Any CPU.Build.0 = Debug|Any CPU
		{D156E0D2-EC41-46F6-81E8-F97A5A5A2EC6}.Release|Any CPU.ActiveCfg = Release|Any CPU
		{D156E0D2-EC41-46F6-81E8-F97A5A5A2EC6}.Release|Any CPU.Build.0 = Release|Any CPU
		{63C1B840-4C3C-4538-B3D7-A009E4266D60}.Debug|Any CPU.ActiveCfg = Debug|Any CPU
		{63C1B840-4C3C-4538-B3D7-A009E4266D60}.Debug|Any CPU.Build.0 = Debug|Any CPU
		{63C1B840-4C3C-4538-B3D7-A009E4266D60}.Release|Any CPU.ActiveCfg = Release|Any CPU
		{63C1B840-4C3C-4538-B3D7-A009E4266D60}.Release|Any CPU.Build.0 = Release|Any CPU
		{C39B3D76-825C-43C0-8D86-E7AC8CFF291D}.Debug|Any CPU.ActiveCfg = Debug|Any CPU
		{C39B3D76-825C-43C0-8D86-E7AC8CFF291D}.Debug|Any CPU.Build.0 = Debug|Any CPU
		{C39B3D76-825C-43C0-8D86-E7AC8CFF291D}.Release|Any CPU.ActiveCfg = Release|Any CPU
		{C39B3D76-825C-43C0-8D86-E7AC8CFF291D}.Release|Any CPU.Build.0 = Release|Any CPU
		{FA52DBDF-FE75-4540-855D-F6DF4741111F}.Debug|Any CPU.ActiveCfg = Debug|Any CPU
		{FA52DBDF-FE75-4540-855D-F6DF4741111F}.Debug|Any CPU.Build.0 = Debug|Any CPU
		{FA52DBDF-FE75-4540-855D-F6DF4741111F}.Release|Any CPU.ActiveCfg = Release|Any CPU
		{FA52DBDF-FE75-4540-855D-F6DF4741111F}.Release|Any CPU.Build.0 = Release|Any CPU
		{01F8D1A1-8D85-468F-A17A-4375C28E8664}.Debug|Any CPU.ActiveCfg = Debug|Any CPU
		{01F8D1A1-8D85-468F-A17A-4375C28E8664}.Debug|Any CPU.Build.0 = Debug|Any CPU
		{01F8D1A1-8D85-468F-A17A-4375C28E8664}.Release|Any CPU.ActiveCfg = Release|Any CPU
		{01F8D1A1-8D85-468F-A17A-4375C28E8664}.Release|Any CPU.Build.0 = Release|Any CPU
		{592333A4-466E-4DCD-9C10-3E7C78628203}.Debug|Any CPU.ActiveCfg = Debug|Any CPU
		{592333A4-466E-4DCD-9C10-3E7C78628203}.Debug|Any CPU.Build.0 = Debug|Any CPU
		{592333A4-466E-4DCD-9C10-3E7C78628203}.Release|Any CPU.ActiveCfg = Release|Any CPU
		{592333A4-466E-4DCD-9C10-3E7C78628203}.Release|Any CPU.Build.0 = Release|Any CPU
		{D83A3997-468D-49AB-873E-22F5AE96F7D0}.Debug|Any CPU.ActiveCfg = Debug|Any CPU
		{D83A3997-468D-49AB-873E-22F5AE96F7D0}.Debug|Any CPU.Build.0 = Debug|Any CPU
		{D83A3997-468D-49AB-873E-22F5AE96F7D0}.Release|Any CPU.ActiveCfg = Release|Any CPU
		{D83A3997-468D-49AB-873E-22F5AE96F7D0}.Release|Any CPU.Build.0 = Release|Any CPU
		{D2DF1200-50D4-453B-B877-B845B97D3F75}.Debug|Any CPU.ActiveCfg = Debug|Any CPU
		{D2DF1200-50D4-453B-B877-B845B97D3F75}.Debug|Any CPU.Build.0 = Debug|Any CPU
		{D2DF1200-50D4-453B-B877-B845B97D3F75}.Release|Any CPU.ActiveCfg = Release|Any CPU
		{D2DF1200-50D4-453B-B877-B845B97D3F75}.Release|Any CPU.Build.0 = Release|Any CPU
		{8E42A093-876D-4836-9665-F81501D1F70F}.Debug|Any CPU.ActiveCfg = Debug|Any CPU
		{8E42A093-876D-4836-9665-F81501D1F70F}.Debug|Any CPU.Build.0 = Debug|Any CPU
		{8E42A093-876D-4836-9665-F81501D1F70F}.Release|Any CPU.ActiveCfg = Release|Any CPU
		{8E42A093-876D-4836-9665-F81501D1F70F}.Release|Any CPU.Build.0 = Release|Any CPU
		{C3A83883-8463-4059-90CA-DAB5061213D2}.Debug|Any CPU.ActiveCfg = Debug|Any CPU
		{C3A83883-8463-4059-90CA-DAB5061213D2}.Debug|Any CPU.Build.0 = Debug|Any CPU
		{C3A83883-8463-4059-90CA-DAB5061213D2}.Release|Any CPU.ActiveCfg = Release|Any CPU
		{C3A83883-8463-4059-90CA-DAB5061213D2}.Release|Any CPU.Build.0 = Release|Any CPU
		{C8E179C1-4924-4275-A479-C2BA55F102D3}.Debug|Any CPU.ActiveCfg = Debug|Any CPU
		{C8E179C1-4924-4275-A479-C2BA55F102D3}.Debug|Any CPU.Build.0 = Debug|Any CPU
		{C8E179C1-4924-4275-A479-C2BA55F102D3}.Release|Any CPU.ActiveCfg = Release|Any CPU
		{C8E179C1-4924-4275-A479-C2BA55F102D3}.Release|Any CPU.Build.0 = Release|Any CPU
	EndGlobalSection
	GlobalSection(SolutionProperties) = preSolution
		HideSolutionNode = FALSE
	EndGlobalSection
	GlobalSection(ExtensibilityGlobals) = postSolution
		SolutionGuid = {FD196345-A216-4275-845A-11E02A1BD9BD}
	EndGlobalSection
EndGlobal
